
Microsoft Visual Studio Solution File, Format Version 12.00
# Visual Studio Version 17
VisualStudioVersion = 17.13.35931.197 d17.13
MinimumVisualStudioVersion = 10.0.40219.1
Project("{54A90642-561A-4BB1-A94E-469ADEE60C69}") = "solardash.client", "solardash.client\solardash.client.esproj", "{4E5444ED-9A32-BA8C-3BB4-2FB93EEBE87A}"
EndProject
Project("{FAE04EC0-301F-11D3-BF4B-00C04F79EFBC}") = "solardash.Server", "solardash.Server\solardash.Server.csproj", "{AA627E64-BBF0-432D-B335-AEE4CA0A7AF2}"
EndProject
Global
	GlobalSection(SolutionConfigurationPlatforms) = preSolution
		Debug|Any CPU = Debug|Any CPU
		Release|Any CPU = Release|Any CPU
	EndGlobalSection
	GlobalSection(ProjectConfigurationPlatforms) = postSolution
		{4E5444ED-9A32-BA8C-3BB4-2FB93EEBE87A}.Debug|Any CPU.ActiveCfg = Debug|Any CPU
		{4E5444ED-9A32-BA8C-3BB4-2FB93EEBE87A}.Debug|Any CPU.Build.0 = Debug|Any CPU
		{4E5444ED-9A32-BA8C-3BB4-2FB93EEBE87A}.Debug|Any CPU.Deploy.0 = Debug|Any CPU
		{4E5444ED-9A32-BA8C-3BB4-2FB93EEBE87A}.Release|Any CPU.ActiveCfg = Release|Any CPU
		{4E5444ED-9A32-BA8C-3BB4-2FB93EEBE87A}.Release|Any CPU.Build.0 = Release|Any CPU
		{4E5444ED-9A32-BA8C-3BB4-2FB93EEBE87A}.Release|Any CPU.Deploy.0 = Release|Any CPU
		{AA627E64-BBF0-432D-B335-AEE4CA0A7AF2}.Debug|Any CPU.ActiveCfg = Debug|Any CPU
		{AA627E64-BBF0-432D-B335-AEE4CA0A7AF2}.Debug|Any CPU.Build.0 = Debug|Any CPU
		{AA627E64-BBF0-432D-B335-AEE4CA0A7AF2}.Release|Any CPU.ActiveCfg = Release|Any CPU
		{AA627E64-BBF0-432D-B335-AEE4CA0A7AF2}.Release|Any CPU.Build.0 = Release|Any CPU
	EndGlobalSection
	GlobalSection(SolutionProperties) = preSolution
		HideSolutionNode = FALSE
	EndGlobalSection
	GlobalSection(ExtensibilityGlobals) = postSolution
		SolutionGuid = {B67FB8D9-73F9-4955-928D-9BF4EA88E21A}
	EndGlobalSection
EndGlobal
